{
    "name": "@webwriter/word-puzzle",
    "version": "1.0.6",
    "lockfileVersion": 3,
    "requires": true,
    "packages": {
        "": {
            "name": "@webwriter/word-puzzle",
            "version": "1.0.6",
            "license": "MIT",
            "dependencies": {
                "@lit/localize": "^0.12.2",
                "@shoelace-style/shoelace": "^2.19.1",
                "@webwriter/lit": "^2.0.0",
                "bootstrap-icons": "^1.11.3",
                "font-awesome": "^4.7.0",
                "less": "^4.2.1",
                "lit": "^3.2.0"
            },
            "devDependencies": {
                "typescript": "^5.7.2"
            }
        },
        "node_modules/@ctrl/tinycolor": {
            "version": "4.2.0",
            "resolved": "https://registry.npmjs.org/@ctrl/tinycolor/-/tinycolor-4.2.0.tgz",
            "integrity": "sha512-kzyuwOAQnXJNLS9PSyrk0CWk35nWJW/zl/6KvnTBMFK65gm7U1/Z5BqjxeapjZCIhQcM/DsrEmcbRwDyXyXK4A==",
            "license": "MIT",
            "engines": {
                "node": ">=14"
            }
        },
        "node_modules/@floating-ui/core": {
            "version": "1.7.5",
            "resolved": "https://registry.npmjs.org/@floating-ui/core/-/core-1.7.5.tgz",
            "integrity": "sha512-1Ih4WTWyw0+lKyFMcBHGbb5U5FtuHJuujoyyr5zTaWS5EYMeT6Jb2AuDeftsCsEuchO+mM2ij5+q9crhydzLhQ==",
            "license": "MIT",
            "dependencies": {
                "@floating-ui/utils": "^0.2.11"
            }
        },
        "node_modules/@floating-ui/dom": {
            "version": "1.7.6",
            "resolved": "https://registry.npmjs.org/@floating-ui/dom/-/dom-1.7.6.tgz",
            "integrity": "sha512-9gZSAI5XM36880PPMm//9dfiEngYoC6Am2izES1FF406YFsjvyBMmeJ2g4SAju3xWwtuynNRFL2s9hgxpLI5SQ==",
            "license": "MIT",
            "dependencies": {
                "@floating-ui/core": "^1.7.5",
                "@floating-ui/utils": "^0.2.11"
            }
        },
        "node_modules/@floating-ui/utils": {
            "version": "0.2.11",
            "resolved": "https://registry.npmjs.org/@floating-ui/utils/-/utils-0.2.11.tgz",
            "integrity": "sha512-RiB/yIh78pcIxl6lLMG0CgBXAZ2Y0eVHqMPYugu+9U0AeT6YBeiJpf7lbdJNIugFP5SIjwNRgo4DhR1Qxi26Gg==",
            "license": "MIT"
        },
        "node_modules/@lit-labs/ssr-dom-shim": {
            "version": "1.6.0",
            "resolved": "https://registry.npmjs.org/@lit-labs/ssr-dom-shim/-/ssr-dom-shim-1.6.0.tgz",
            "integrity": "sha512-VHb0ALPMTlgKjM6yIxxoQNnpKyUKLD04VzeQdsiXkMqkvYlAHxq9glGLmgbb889/1GsohSOAjvQYoiBppXFqrQ==",
            "license": "BSD-3-Clause"
        },
        "node_modules/@lit/localize": {
            "version": "0.12.2",
            "resolved": "https://registry.npmjs.org/@lit/localize/-/localize-0.12.2.tgz",
            "integrity": "sha512-Qv9kvgJKDq/JVSwXOxuWvQnnOBysHA99ti9im9a4fImCmx+fto+XXcUYQbjZHqiueEEc4V20PcRDPO+1g/6seQ==",
            "license": "BSD-3-Clause",
            "dependencies": {
                "lit": "^3.2.0"
            }
        },
        "node_modules/@lit/react": {
            "version": "1.0.8",
            "resolved": "https://registry.npmjs.org/@lit/react/-/react-1.0.8.tgz",
            "integrity": "sha512-p2+YcF+JE67SRX3mMlJ1TKCSTsgyOVdAwd/nxp3NuV1+Cb6MWALbN6nT7Ld4tpmYofcE5kcaSY1YBB9erY+6fw==",
            "license": "BSD-3-Clause",
            "peerDependencies": {
                "@types/react": "17 || 18 || 19"
            }
        },
        "node_modules/@lit/reactive-element": {
            "version": "2.1.2",
            "resolved": "https://registry.npmjs.org/@lit/reactive-element/-/reactive-element-2.1.2.tgz",
            "integrity": "sha512-pbCDiVMnne1lYUIaYNN5wrwQXDtHaYtg7YEFPeW+hws6U47WeFvISGUWekPGKWOP1ygrs0ef0o1VJMk1exos5A==",
            "license": "BSD-3-Clause",
            "dependencies": {
                "@lit-labs/ssr-dom-shim": "^1.5.0"
            }
        },
        "node_modules/@open-wc/dedupe-mixin": {
            "version": "2.0.1",
            "resolved": "https://registry.npmjs.org/@open-wc/dedupe-mixin/-/dedupe-mixin-2.0.1.tgz",
            "integrity": "sha512-+R4VxvceUxHAUJXJQipkkoV9fy10vNo+OnUnGKZnVmcwxMl460KLzytnUM4S35SI073R0yZQp9ra0MbPUwVcEA==",
            "license": "MIT"
        },
        "node_modules/@open-wc/scoped-elements": {
            "version": "3.0.10",
            "resolved": "https://registry.npmjs.org/@open-wc/scoped-elements/-/scoped-elements-3.0.10.tgz",
            "integrity": "sha512-esE95vxq6Y7w9/8H/oPvqN9QVR+ys3F9J2/ITyuTWnlSYaJueQmcS5CR5OybJMjjm9R5pmSoOe6Vau/O7J6d2g==",
            "license": "MIT",
            "dependencies": {
                "@open-wc/dedupe-mixin": "^2.0.0",
                "lit": "^3.0.0"
            }
        },
        "node_modules/@shoelace-style/animations": {
            "version": "1.2.0",
            "resolved": "https://registry.npmjs.org/@shoelace-style/animations/-/animations-1.2.0.tgz",
            "integrity": "sha512-avvo1xxkLbv2dgtabdewBbqcJfV0e0zCwFqkPMnHFGbJbBHorRFfMAHh1NG9ymmXn0jW95ibUVH03E1NYXD6Gw==",
            "license": "MIT",
            "funding": {
                "type": "individual",
                "url": "https://github.com/sponsors/claviska"
            }
        },
        "node_modules/@shoelace-style/localize": {
            "version": "3.2.2",
            "resolved": "https://registry.npmjs.org/@shoelace-style/localize/-/localize-3.2.2.tgz",
            "integrity": "sha512-h3+2/cFWGaw3KQUwintkP4Cy3PtrVW//ysr9DM5nOfIXYekgrHwsELk/nyxc8hmjVP/Kcon7KCzvUtSwUBipfQ==",
            "license": "MIT"
        },
        "node_modules/@shoelace-style/shoelace": {
            "version": "2.20.1",
            "resolved": "https://registry.npmjs.org/@shoelace-style/shoelace/-/shoelace-2.20.1.tgz",
            "integrity": "sha512-FSghU95jZPGbwr/mybVvk66qRZYpx5FkXL+vLNpy1Vp8UsdwSxXjIHE3fsvMbKWTKi9UFfewHTkc5e7jAqRYoQ==",
            "license": "MIT",
            "dependencies": {
                "@ctrl/tinycolor": "^4.1.0",
                "@floating-ui/dom": "^1.6.12",
                "@lit/react": "^1.0.6",
                "@shoelace-style/animations": "^1.2.0",
                "@shoelace-style/localize": "^3.2.1",
                "composed-offset-position": "^0.0.6",
                "lit": "^3.2.1",
                "qr-creator": "^1.0.0"
            },
            "engines": {
                "node": ">=14.17.0"
            },
            "funding": {
                "type": "individual",
                "url": "https://github.com/sponsors/claviska"
            }
        },
        "node_modules/@types/react": {
            "version": "19.2.17",
            "resolved": "https://registry.npmjs.org/@types/react/-/react-19.2.17.tgz",
            "integrity": "sha512-MXfmqaVPEVgkBT/aY0aGCkRWWtByiYQXo3xdQ8r5RzuFrPiRn8Gar2tQdXSUQ2GKV3bkXckek89V8wQBY2Q/Aw==",
            "license": "MIT",
            "peer": true,
            "dependencies": {
                "csstype": "^3.2.2"
            }
        },
        "node_modules/@types/trusted-types": {
            "version": "2.0.7",
            "resolved": "https://registry.npmjs.org/@types/trusted-types/-/trusted-types-2.0.7.tgz",
            "integrity": "sha512-ScaPdn1dQczgbl0QFTeTOmVHFULt394XJgOQNoyVhZ6r2vLnMLJfBPd53SB52T/3G36VI1/g2MZaX0cwDuXsfw==",
            "license": "MIT"
        },
        "node_modules/@webwriter/lit": {
            "version": "2.1.8",
            "resolved": "https://registry.npmjs.org/@webwriter/lit/-/lit-2.1.8.tgz",
            "integrity": "sha512-bT112SaXzZn/AH1CpZzUnfLrvPZChEeQX7fuEWQ9exBR3NR60GZa+7t/XgAgVPzICCR+O8PGfGjZC8lC0JhxiA==",
            "license": "MIT",
            "dependencies": {
                "@open-wc/scoped-elements": "^3.0.5"
            },
            "peerDependencies": {
                "lit": "^3.3.0"
            }
        },
        "node_modules/bootstrap-icons": {
            "version": "1.13.1",
            "resolved": "https://registry.npmjs.org/bootstrap-icons/-/bootstrap-icons-1.13.1.tgz",
            "integrity": "sha512-ijombt4v6bv5CLeXvRWKy7CuM3TRTuPEuGaGKvTV5cz65rQSY8RQ2JcHt6b90cBBAC7s8fsf2EkQDldzCoXUjw==",
            "funding": [
                {
                    "type": "github",
                    "url": "https://github.com/sponsors/twbs"
                },
                {
                    "type": "opencollective",
                    "url": "https://opencollective.com/bootstrap"
                }
            ],
            "license": "MIT"
        },
        "node_modules/composed-offset-position": {
            "version": "0.0.6",
            "resolved": "https://registry.npmjs.org/composed-offset-position/-/composed-offset-position-0.0.6.tgz",
            "integrity": "sha512-Q7dLompI6lUwd7LWyIcP66r4WcS9u7AL2h8HaeipiRfCRPLMWqRx8fYsjb4OHi6UQFifO7XtNC2IlEJ1ozIFxw==",
            "license": "MIT",
            "peerDependencies": {
                "@floating-ui/utils": "^0.2.5"
            }
        },
        "node_modules/copy-anything": {
            "version": "3.0.5",
            "resolved": "https://registry.npmjs.org/copy-anything/-/copy-anything-3.0.5.tgz",
            "integrity": "sha512-yCEafptTtb4bk7GLEQoM8KVJpxAfdBJYaXyzQEgQQQgYrZiDp8SJmGKlYza6CYjEDNstAdNdKA3UuoULlEbS6w==",
            "license": "MIT",
            "dependencies": {
                "is-what": "^4.1.8"
            },
            "engines": {
                "node": ">=12.13"
            },
            "funding": {
                "url": "https://github.com/sponsors/mesqueeb"
            }
        },
        "node_modules/csstype": {
            "version": "3.2.3",
            "resolved": "https://registry.npmjs.org/csstype/-/csstype-3.2.3.tgz",
            "integrity": "sha512-z1HGKcYy2xA8AGQfwrn0PAy+PB7X/GSj3UVJW9qKyn43xWa+gl5nXmU4qqLMRzWVLFC8KusUX8T/0kCiOYpAIQ==",
            "license": "MIT",
            "peer": true
        },
        "node_modules/errno": {
            "version": "0.1.8",
            "resolved": "https://registry.npmjs.org/errno/-/errno-0.1.8.tgz",
            "integrity": "sha512-dJ6oBr5SQ1VSd9qkk7ByRgb/1SH4JZjCHSW/mr63/QcXO9zLVxvJ6Oy13nio03rxpSnVDDjFor75SjVeZWPW/A==",
            "license": "MIT",
            "optional": true,
            "dependencies": {
                "prr": "~1.0.1"
            },
            "bin": {
                "errno": "cli.js"
            }
        },
        "node_modules/font-awesome": {
            "version": "4.7.0",
            "resolved": "https://registry.npmjs.org/font-awesome/-/font-awesome-4.7.0.tgz",
            "integrity": "sha512-U6kGnykA/6bFmg1M/oT9EkFeIYv7JlX3bozwQJWiiLz6L0w3F5vBVPxHlwyX/vtNq1ckcpRKOB9f2Qal/VtFpg==",
            "license": "(OFL-1.1 AND MIT)",
            "engines": {
                "node": ">=0.10.3"
            }
        },
        "node_modules/graceful-fs": {
            "version": "4.2.11",
            "resolved": "https://registry.npmjs.org/graceful-fs/-/graceful-fs-4.2.11.tgz",
            "integrity": "sha512-RbJ5/jmFcNNCcDV5o9eTnBLJ/HszWV0P73bc+Ff4nS/rJj+YaS6IGyiOL0VoBYX+l1Wrl3k63h/KrH+nhJ0XvQ==",
            "license": "ISC",
            "optional": true
        },
        "node_modules/iconv-lite": {
            "version": "0.6.3",
            "resolved": "https://registry.npmjs.org/iconv-lite/-/iconv-lite-0.6.3.tgz",
            "integrity": "sha512-4fCk79wshMdzMp2rH06qWrJE4iolqLhCUH+OiuIgU++RB0+94NlDL81atO7GX55uUKueo0txHNtvEyI6D7WdMw==",
            "license": "MIT",
            "optional": true,
            "dependencies": {
                "safer-buffer": ">= 2.1.2 < 3.0.0"
            },
            "engines": {
                "node": ">=0.10.0"
            }
        },
        "node_modules/image-size": {
            "version": "0.5.5",
            "resolved": "https://registry.npmjs.org/image-size/-/image-size-0.5.5.tgz",
            "integrity": "sha512-6TDAlDPZxUFCv+fuOkIoXT/V/f3Qbq8e37p+YOiYrUv3v9cc3/6x78VdfPgFVaB9dZYeLUfKgHRebpkm/oP2VQ==",
            "license": "MIT",
            "optional": true,
            "bin": {
                "image-size": "bin/image-size.js"
            },
            "engines": {
                "node": ">=0.10.0"
            }
        },
        "node_modules/is-what": {
            "version": "4.1.16",
            "resolved": "https://registry.npmjs.org/is-what/-/is-what-4.1.16.tgz",
            "integrity": "sha512-ZhMwEosbFJkA0YhFnNDgTM4ZxDRsS6HqTo7qsZM08fehyRYIYa0yHu5R6mgo1n/8MgaPBXiPimPD77baVFYg+A==",
            "license": "MIT",
            "engines": {
                "node": ">=12.13"
            },
            "funding": {
                "url": "https://github.com/sponsors/mesqueeb"
            }
        },
        "node_modules/less": {
            "version": "4.6.4",
            "resolved": "https://registry.npmjs.org/less/-/less-4.6.4.tgz",
            "integrity": "sha512-OJmO5+HxZLLw0RLzkqaNHzcgEAQG7C0y3aMbwtCzIUFZsLMNNq/1IdAdHEycQ58CwUO3jPTHmoN+tE5I7FQxNg==",
            "license": "Apache-2.0",
            "dependencies": {
                "copy-anything": "^3.0.5",
                "parse-node-version": "^1.0.1"
            },
            "bin": {
                "lessc": "bin/lessc"
            },
            "engines": {
                "node": ">=18"
            },
            "optionalDependencies": {
                "errno": "^0.1.1",
                "graceful-fs": "^4.1.2",
                "image-size": "~0.5.0",
                "make-dir": "^2.1.0",
                "mime": "^1.4.1",
                "needle": "^3.1.0",
                "source-map": "~0.6.0"
            }
        },
        "node_modules/lit": {
            "version": "3.3.3",
            "resolved": "https://registry.npmjs.org/lit/-/lit-3.3.3.tgz",
            "integrity": "sha512-fycuvZg/hkpozL00lm1pEJH5nN/lr9ZXd6mJI2HSN4+Bzc+LDNdEApJ6HFbPkdFNHLvOplIIuJvxkS4XUxqirw==",
            "license": "BSD-3-Clause",
            "dependencies": {
                "@lit/reactive-element": "^2.1.0",
                "lit-element": "^4.2.0",
                "lit-html": "^3.3.0"
            }
        },
        "node_modules/lit-element": {
            "version": "4.2.2",
            "resolved": "https://registry.npmjs.org/lit-element/-/lit-element-4.2.2.tgz",
            "integrity": "sha512-aFKhNToWxoyhkNDmWZwEva2SlQia+jfG0fjIWV//YeTaWrVnOxD89dPKfigCUspXFmjzOEUQpOkejH5Ly6sG0w==",
            "license": "BSD-3-Clause",
            "dependencies": {
                "@lit-labs/ssr-dom-shim": "^1.5.0",
                "@lit/reactive-element": "^2.1.0",
                "lit-html": "^3.3.0"
            }
        },
        "node_modules/lit-html": {
            "version": "3.3.3",
            "resolved": "https://registry.npmjs.org/lit-html/-/lit-html-3.3.3.tgz",
            "integrity": "sha512-el8M6jK2o3RXBnrSHX3ZKrsN8zEV63pSExTO1wYJz7QndGYZ8353e2a5PPX+qHe2aGayfnchQmkAojaWAREOIA==",
            "license": "BSD-3-Clause",
            "dependencies": {
                "@types/trusted-types": "^2.0.2"
            }
        },
        "node_modules/make-dir": {
            "version": "2.1.0",
            "resolved": "https://registry.npmjs.org/make-dir/-/make-dir-2.1.0.tgz",
            "integrity": "sha512-LS9X+dc8KLxXCb8dni79fLIIUA5VyZoyjSMCwTluaXA0o27cCK0bhXkpgw+sTXVpPy/lSO57ilRixqk0vDmtRA==",
            "license": "MIT",
            "optional": true,
            "dependencies": {
                "pify": "^4.0.1",
                "semver": "^5.6.0"
            },
            "engines": {
                "node": ">=6"
            }
        },
        "node_modules/mime": {
            "version": "1.6.0",
            "resolved": "https://registry.npmjs.org/mime/-/mime-1.6.0.tgz",
            "integrity": "sha512-x0Vn8spI+wuJ1O6S7gnbaQg8Pxh4NNHb7KSINmEWKiPE4RKOplvijn+NkmYmmRgP68mc70j2EbeTFRsrswaQeg==",
            "license": "MIT",
            "optional": true,
            "bin": {
                "mime": "cli.js"
            },
            "engines": {
                "node": ">=4"
            }
        },
        "node_modules/needle": {
            "version": "3.5.0",
            "resolved": "https://registry.npmjs.org/needle/-/needle-3.5.0.tgz",
            "integrity": "sha512-jaQyPKKk2YokHrEg+vFDYxXIHTCBgiZwSHOoVx/8V3GIBS8/VN6NdVRmg8q1ERtPkMvmOvebsgga4sAj5hls/w==",
            "license": "MIT",
            "optional": true,
            "dependencies": {
                "iconv-lite": "^0.6.3",
                "sax": "^1.2.4"
            },
            "bin": {
                "needle": "bin/needle"
            },
            "engines": {
                "node": ">= 4.4.x"
            }
        },
        "node_modules/parse-node-version": {
            "version": "1.0.1",
            "resolved": "https://registry.npmjs.org/parse-node-version/-/parse-node-version-1.0.1.tgz",
            "integrity": "sha512-3YHlOa/JgH6Mnpr05jP9eDG254US9ek25LyIxZlDItp2iJtwyaXQb57lBYLdT3MowkUFYEV2XXNAYIPlESvJlA==",
            "license": "MIT",
            "engines": {
                "node": ">= 0.10"
            }
        },
        "node_modules/pify": {
            "version": "4.0.1",
            "resolved": "https://registry.npmjs.org/pify/-/pify-4.0.1.tgz",
            "integrity": "sha512-uB80kBFb/tfd68bVleG9T5GGsGPjJrLAUpR5PZIrhBnIaRTQRjqdJSsIKkOP6OAIFbj7GOrcudc5pNjZ+geV2g==",
            "license": "MIT",
            "optional": true,
            "engines": {
                "node": ">=6"
            }
        },
        "node_modules/prr": {
            "version": "1.0.1",
            "resolved": "https://registry.npmjs.org/prr/-/prr-1.0.1.tgz",
            "integrity": "sha512-yPw4Sng1gWghHQWj0B3ZggWUm4qVbPwPFcRG8KyxiU7J2OHFSoEHKS+EZ3fv5l1t9CyCiop6l/ZYeWbrgoQejw==",
            "license": "MIT",
            "optional": true
        },
        "node_modules/qr-creator": {
            "version": "1.0.0",
            "resolved": "https://registry.npmjs.org/qr-creator/-/qr-creator-1.0.0.tgz",
            "integrity": "sha512-C0cqfbS1P5hfqN4NhsYsUXePlk9BO+a45bAQ3xLYjBL3bOIFzoVEjs79Fado9u9BPBD3buHi3+vY+C8tHh4qMQ==",
            "license": "MIT"
        },
        "node_modules/safer-buffer": {
            "version": "2.1.2",
            "resolved": "https://registry.npmjs.org/safer-buffer/-/safer-buffer-2.1.2.tgz",
            "integrity": "sha512-YZo3K82SD7Riyi0E1EQPojLz7kpepnSQI9IyPbHHg1XXXevb5dJI7tpyN2ADxGcQbHG7vcyRHk0cbwqcQriUtg==",
            "license": "MIT",
            "optional": true
        },
        "node_modules/sax": {
            "version": "1.6.0",
            "resolved": "https://registry.npmjs.org/sax/-/sax-1.6.0.tgz",
            "integrity": "sha512-6R3J5M4AcbtLUdZmRv2SygeVaM7IhrLXu9BmnOGmmACak8fiUtOsYNWUS4uK7upbmHIBbLBeFeI//477BKLBzA==",
            "license": "BlueOak-1.0.0",
            "optional": true,
            "engines": {
                "node": ">=11.0.0"
            }
        },
        "node_modules/semver": {
            "version": "5.7.2",
            "resolved": "https://registry.npmjs.org/semver/-/semver-5.7.2.tgz",
            "integrity": "sha512-cBznnQ9KjJqU67B52RMC65CMarK2600WFnbkcaiwWq3xy/5haFJlshgnpjovMVJ+Hff49d8GEn0b87C5pDQ10g==",
            "license": "ISC",
            "optional": true,
            "bin": {
                "semver": "bin/semver"
            }
        },
        "node_modules/source-map": {
            "version": "0.6.1",
            "resolved": "https://registry.npmjs.org/source-map/-/source-map-0.6.1.tgz",
            "integrity": "sha512-UjgapumWlbMhkBgzT7Ykc5YXUT46F0iKu8SGXq0bcwP5dz/h0Plj6enJqjz1Zbq2l5WaqYnrVbwWOWMyF3F47g==",
            "license": "BSD-3-Clause",
            "optional": true,
            "engines": {
                "node": ">=0.10.0"
            }
        },
        "node_modules/typescript": {
            "version": "5.8.3",
            "resolved": "https://registry.npmjs.org/typescript/-/typescript-5.8.3.tgz",
            "integrity": "sha512-p1diW6TqL9L07nNxvRMM7hMMw4c5XOo/1ibL4aAIGmSAt9slTE1Xgw5KWuof2uTOvCg9BY7ZRi+GaF+7sfgPeQ==",
            "dev": true,
            "license": "Apache-2.0",
            "bin": {
                "tsc": "bin/tsc",
                "tsserver": "bin/tsserver"
            },
            "engines": {
                "node": ">=14.17"
            }
        }
    }
}
