{
    "name": "@webwriter/word-puzzles",
    "version": "1.0.0",
    "lockfileVersion": 3,
    "requires": true,
    "packages": {
        "": {
            "name": "@webwriter/word-puzzles",
            "version": "1.0.0",
            "license": "MIT",
            "dependencies": {
                "@lit/localize": "^0.12.2",
                "@shoelace-style/shoelace": "^2.19.1",
                "@webwriter/lit": "^2.0.0",
                "bootstrap-icons": "^1.11.3",
                "font-awesome": "^4.7.0",
                "less": "^4.2.1",
                "lit": "^3.2.0",
                "typedoc": "^0.27.6"
            },
            "devDependencies": {
                "typescript": "^5.7.2"
            }
        },
        "node_modules/@ctrl/tinycolor": {
            "version": "4.1.0",
            "resolved": "https://registry.npmjs.org/@ctrl/tinycolor/-/tinycolor-4.1.0.tgz",
            "integrity": "sha512-WyOx8cJQ+FQus4Mm4uPIZA64gbk3Wxh0so5Lcii0aJifqwoVOlfFtorjLE0Hen4OYyHZMXDWqMmaQemBhgxFRQ==",
            "engines": {
                "node": ">=14"
            }
        },
        "node_modules/@floating-ui/core": {
            "version": "1.7.3",
            "resolved": "https://registry.npmjs.org/@floating-ui/core/-/core-1.7.3.tgz",
            "integrity": "sha512-sGnvb5dmrJaKEZ+LDIpguvdX3bDlEllmv4/ClQ9awcmCZrlx5jQyyMWFM5kBI+EyNOCDDiKk8il0zeuX3Zlg/w==",
            "dependencies": {
                "@floating-ui/utils": "^0.2.10"
            }
        },
        "node_modules/@floating-ui/dom": {
            "version": "1.7.3",
            "resolved": "https://registry.npmjs.org/@floating-ui/dom/-/dom-1.7.3.tgz",
            "integrity": "sha512-uZA413QEpNuhtb3/iIKoYMSK07keHPYeXF02Zhd6e213j+d1NamLix/mCLxBUDW/Gx52sPH2m+chlUsyaBs/Ag==",
            "dependencies": {
                "@floating-ui/core": "^1.7.3",
                "@floating-ui/utils": "^0.2.10"
            }
        },
        "node_modules/@floating-ui/utils": {
            "version": "0.2.10",
            "resolved": "https://registry.npmjs.org/@floating-ui/utils/-/utils-0.2.10.tgz",
            "integrity": "sha512-aGTxbpbg8/b5JfU1HXSrbH3wXZuLPJcNEcZQFMxLs3oSzgtVu6nFPkbbGGUvBcUjKV2YyB9Wxxabo+HEH9tcRQ=="
        },
        "node_modules/@gerrit0/mini-shiki": {
            "version": "1.27.2",
            "resolved": "https://registry.npmjs.org/@gerrit0/mini-shiki/-/mini-shiki-1.27.2.tgz",
            "integrity": "sha512-GeWyHz8ao2gBiUW4OJnQDxXQnFgZQwwQk05t/CVVgNBN7/rK8XZ7xY6YhLVv9tH3VppWWmr9DCl3MwemB/i+Og==",
            "dependencies": {
                "@shikijs/engine-oniguruma": "^1.27.2",
                "@shikijs/types": "^1.27.2",
                "@shikijs/vscode-textmate": "^10.0.1"
            }
        },
        "node_modules/@lit-labs/ssr-dom-shim": {
            "version": "1.4.0",
            "resolved": "https://registry.npmjs.org/@lit-labs/ssr-dom-shim/-/ssr-dom-shim-1.4.0.tgz",
            "integrity": "sha512-ficsEARKnmmW5njugNYKipTm4SFnbik7CXtoencDZzmzo/dQ+2Q0bgkzJuoJP20Aj0F+izzJjOqsnkd6F/o1bw=="
        },
        "node_modules/@lit/localize": {
            "version": "0.12.2",
            "resolved": "https://registry.npmjs.org/@lit/localize/-/localize-0.12.2.tgz",
            "integrity": "sha512-Qv9kvgJKDq/JVSwXOxuWvQnnOBysHA99ti9im9a4fImCmx+fto+XXcUYQbjZHqiueEEc4V20PcRDPO+1g/6seQ==",
            "dependencies": {
                "lit": "^3.2.0"
            }
        },
        "node_modules/@lit/react": {
            "version": "1.0.8",
            "resolved": "https://registry.npmjs.org/@lit/react/-/react-1.0.8.tgz",
            "integrity": "sha512-p2+YcF+JE67SRX3mMlJ1TKCSTsgyOVdAwd/nxp3NuV1+Cb6MWALbN6nT7Ld4tpmYofcE5kcaSY1YBB9erY+6fw==",
            "peerDependencies": {
                "@types/react": "17 || 18 || 19"
            }
        },
        "node_modules/@lit/reactive-element": {
            "version": "2.1.1",
            "resolved": "https://registry.npmjs.org/@lit/reactive-element/-/reactive-element-2.1.1.tgz",
            "integrity": "sha512-N+dm5PAYdQ8e6UlywyyrgI2t++wFGXfHx+dSJ1oBrg6FAxUj40jId++EaRm80MKX5JnlH1sBsyZ5h0bcZKemCg==",
            "dependencies": {
                "@lit-labs/ssr-dom-shim": "^1.4.0"
            }
        },
        "node_modules/@open-wc/dedupe-mixin": {
            "version": "2.0.1",
            "resolved": "https://registry.npmjs.org/@open-wc/dedupe-mixin/-/dedupe-mixin-2.0.1.tgz",
            "integrity": "sha512-+R4VxvceUxHAUJXJQipkkoV9fy10vNo+OnUnGKZnVmcwxMl460KLzytnUM4S35SI073R0yZQp9ra0MbPUwVcEA=="
        },
        "node_modules/@open-wc/scoped-elements": {
            "version": "3.0.6",
            "resolved": "https://registry.npmjs.org/@open-wc/scoped-elements/-/scoped-elements-3.0.6.tgz",
            "integrity": "sha512-w1ayJaUUmBw8tALtqQ6cBueld+op+bufujzbrOdH0uCTXnSQkONYZzOH+9jyQ8auVgKLqcxZ8oU6SzfqQhQkPg==",
            "dependencies": {
                "@open-wc/dedupe-mixin": "^2.0.0",
                "lit": "^3.0.0"
            }
        },
        "node_modules/@shikijs/engine-oniguruma": {
            "version": "1.29.2",
            "resolved": "https://registry.npmjs.org/@shikijs/engine-oniguruma/-/engine-oniguruma-1.29.2.tgz",
            "integrity": "sha512-7iiOx3SG8+g1MnlzZVDYiaeHe7Ez2Kf2HrJzdmGwkRisT7r4rak0e655AcM/tF9JG/kg5fMNYlLLKglbN7gBqA==",
            "dependencies": {
                "@shikijs/types": "1.29.2",
                "@shikijs/vscode-textmate": "^10.0.1"
            }
        },
        "node_modules/@shikijs/types": {
            "version": "1.29.2",
            "resolved": "https://registry.npmjs.org/@shikijs/types/-/types-1.29.2.tgz",
            "integrity": "sha512-VJjK0eIijTZf0QSTODEXCqinjBn0joAHQ+aPSBzrv4O2d/QSbsMw+ZeSRx03kV34Hy7NzUvV/7NqfYGRLrASmw==",
            "dependencies": {
                "@shikijs/vscode-textmate": "^10.0.1",
                "@types/hast": "^3.0.4"
            }
        },
        "node_modules/@shikijs/vscode-textmate": {
            "version": "10.0.2",
            "resolved": "https://registry.npmjs.org/@shikijs/vscode-textmate/-/vscode-textmate-10.0.2.tgz",
            "integrity": "sha512-83yeghZ2xxin3Nj8z1NMd/NCuca+gsYXswywDy5bHvwlWL8tpTQmzGeUuHd9FC3E/SBEMvzJRwWEOz5gGes9Qg=="
        },
        "node_modules/@shoelace-style/animations": {
            "version": "1.2.0",
            "resolved": "https://registry.npmjs.org/@shoelace-style/animations/-/animations-1.2.0.tgz",
            "integrity": "sha512-avvo1xxkLbv2dgtabdewBbqcJfV0e0zCwFqkPMnHFGbJbBHorRFfMAHh1NG9ymmXn0jW95ibUVH03E1NYXD6Gw==",
            "funding": {
                "type": "individual",
                "url": "https://github.com/sponsors/claviska"
            }
        },
        "node_modules/@shoelace-style/localize": {
            "version": "3.2.1",
            "resolved": "https://registry.npmjs.org/@shoelace-style/localize/-/localize-3.2.1.tgz",
            "integrity": "sha512-r4C9C/5kSfMBIr0D9imvpRdCNXtUNgyYThc4YlS6K5Hchv1UyxNQ9mxwj+BTRH2i1Neits260sR3OjKMnplsFA=="
        },
        "node_modules/@shoelace-style/shoelace": {
            "version": "2.20.1",
            "resolved": "https://registry.npmjs.org/@shoelace-style/shoelace/-/shoelace-2.20.1.tgz",
            "integrity": "sha512-FSghU95jZPGbwr/mybVvk66qRZYpx5FkXL+vLNpy1Vp8UsdwSxXjIHE3fsvMbKWTKi9UFfewHTkc5e7jAqRYoQ==",
            "dependencies": {
                "@ctrl/tinycolor": "^4.1.0",
                "@floating-ui/dom": "^1.6.12",
                "@lit/react": "^1.0.6",
                "@shoelace-style/animations": "^1.2.0",
                "@shoelace-style/localize": "^3.2.1",
                "composed-offset-position": "^0.0.6",
                "lit": "^3.2.1",
                "qr-creator": "^1.0.0"
            },
            "engines": {
                "node": ">=14.17.0"
            },
            "funding": {
                "type": "individual",
                "url": "https://github.com/sponsors/claviska"
            }
        },
        "node_modules/@types/hast": {
            "version": "3.0.4",
            "resolved": "https://registry.npmjs.org/@types/hast/-/hast-3.0.4.tgz",
            "integrity": "sha512-WPs+bbQw5aCj+x6laNGWLH3wviHtoCv/P3+otBhbOhJgG8qtpdAMlTCxLtsTWA7LH1Oh/bFCHsBn0TPS5m30EQ==",
            "dependencies": {
                "@types/unist": "*"
            }
        },
        "node_modules/@types/react": {
            "version": "19.1.9",
            "resolved": "https://registry.npmjs.org/@types/react/-/react-19.1.9.tgz",
            "integrity": "sha512-WmdoynAX8Stew/36uTSVMcLJJ1KRh6L3IZRx1PZ7qJtBqT3dYTgyDTx8H1qoRghErydW7xw9mSJ3wS//tCRpFA==",
            "peer": true,
            "dependencies": {
                "csstype": "^3.0.2"
            }
        },
        "node_modules/@types/trusted-types": {
            "version": "2.0.7",
            "resolved": "https://registry.npmjs.org/@types/trusted-types/-/trusted-types-2.0.7.tgz",
            "integrity": "sha512-ScaPdn1dQczgbl0QFTeTOmVHFULt394XJgOQNoyVhZ6r2vLnMLJfBPd53SB52T/3G36VI1/g2MZaX0cwDuXsfw=="
        },
        "node_modules/@types/unist": {
            "version": "3.0.3",
            "resolved": "https://registry.npmjs.org/@types/unist/-/unist-3.0.3.tgz",
            "integrity": "sha512-ko/gIFJRv177XgZsZcBwnqJN5x/Gien8qNOn0D5bQU/zAzVf9Zt3BlcUiLqhV9y4ARk0GbT3tnUiPNgnTXzc/Q=="
        },
        "node_modules/@webwriter/lit": {
            "version": "2.1.8",
            "resolved": "https://registry.npmjs.org/@webwriter/lit/-/lit-2.1.8.tgz",
            "integrity": "sha512-bT112SaXzZn/AH1CpZzUnfLrvPZChEeQX7fuEWQ9exBR3NR60GZa+7t/XgAgVPzICCR+O8PGfGjZC8lC0JhxiA==",
            "dependencies": {
                "@open-wc/scoped-elements": "^3.0.5"
            },
            "peerDependencies": {
                "lit": "^3.3.0"
            }
        },
        "node_modules/argparse": {
            "version": "2.0.1",
            "resolved": "https://registry.npmjs.org/argparse/-/argparse-2.0.1.tgz",
            "integrity": "sha512-8+9WqebbFzpX9OR+Wa6O29asIogeRMzcGtAINdpMHHyAg10f05aSFVBbcEqGf/PXw1EjAZ+q2/bEBg3DvurK3Q=="
        },
        "node_modules/balanced-match": {
            "version": "1.0.2",
            "resolved": "https://registry.npmjs.org/balanced-match/-/balanced-match-1.0.2.tgz",
            "integrity": "sha512-3oSeUO0TMV67hN1AmbXsK4yaqU7tjiHlbxRDZOpH0KW9+CeX4bRAaX0Anxt0tx2MrpRpWwQaPwIlISEJhYU5Pw=="
        },
        "node_modules/bootstrap-icons": {
            "version": "1.13.1",
            "resolved": "https://registry.npmjs.org/bootstrap-icons/-/bootstrap-icons-1.13.1.tgz",
            "integrity": "sha512-ijombt4v6bv5CLeXvRWKy7CuM3TRTuPEuGaGKvTV5cz65rQSY8RQ2JcHt6b90cBBAC7s8fsf2EkQDldzCoXUjw==",
            "funding": [
                {
                    "type": "github",
                    "url": "https://github.com/sponsors/twbs"
                },
                {
                    "type": "opencollective",
                    "url": "https://opencollective.com/bootstrap"
                }
            ]
        },
        "node_modules/brace-expansion": {
            "version": "2.0.2",
            "resolved": "https://registry.npmjs.org/brace-expansion/-/brace-expansion-2.0.2.tgz",
            "integrity": "sha512-Jt0vHyM+jmUBqojB7E1NIYadt0vI0Qxjxd2TErW94wDz+E2LAm5vKMXXwg6ZZBTHPuUlDgQHKXvjGBdfcF1ZDQ==",
            "dependencies": {
                "balanced-match": "^1.0.0"
            }
        },
        "node_modules/composed-offset-position": {
            "version": "0.0.6",
            "resolved": "https://registry.npmjs.org/composed-offset-position/-/composed-offset-position-0.0.6.tgz",
            "integrity": "sha512-Q7dLompI6lUwd7LWyIcP66r4WcS9u7AL2h8HaeipiRfCRPLMWqRx8fYsjb4OHi6UQFifO7XtNC2IlEJ1ozIFxw==",
            "peerDependencies": {
                "@floating-ui/utils": "^0.2.5"
            }
        },
        "node_modules/copy-anything": {
            "version": "2.0.6",
            "resolved": "https://registry.npmjs.org/copy-anything/-/copy-anything-2.0.6.tgz",
            "integrity": "sha512-1j20GZTsvKNkc4BY3NpMOM8tt///wY3FpIzozTOFO2ffuZcV61nojHXVKIy3WM+7ADCy5FVhdZYHYDdgTU0yJw==",
            "dependencies": {
                "is-what": "^3.14.1"
            },
            "funding": {
                "url": "https://github.com/sponsors/mesqueeb"
            }
        },
        "node_modules/csstype": {
            "version": "3.1.3",
            "resolved": "https://registry.npmjs.org/csstype/-/csstype-3.1.3.tgz",
            "integrity": "sha512-M1uQkMl8rQK/szD0LNhtqxIPLpimGm8sOBwU7lLnCpSbTyY3yeU1Vc7l4KT5zT4s/yOxHH5O7tIuuLOCnLADRw==",
            "peer": true
        },
        "node_modules/entities": {
            "version": "4.5.0",
            "resolved": "https://registry.npmjs.org/entities/-/entities-4.5.0.tgz",
            "integrity": "sha512-V0hjH4dGPh9Ao5p0MoRY6BVqtwCjhz6vI5LT8AJ55H+4g9/4vbHx1I54fS0XuclLhDHArPQCiMjDxjaL8fPxhw==",
            "engines": {
                "node": ">=0.12"
            },
            "funding": {
                "url": "https://github.com/fb55/entities?sponsor=1"
            }
        },
        "node_modules/errno": {
            "version": "0.1.8",
            "resolved": "https://registry.npmjs.org/errno/-/errno-0.1.8.tgz",
            "integrity": "sha512-dJ6oBr5SQ1VSd9qkk7ByRgb/1SH4JZjCHSW/mr63/QcXO9zLVxvJ6Oy13nio03rxpSnVDDjFor75SjVeZWPW/A==",
            "optional": true,
            "dependencies": {
                "prr": "~1.0.1"
            },
            "bin": {
                "errno": "cli.js"
            }
        },
        "node_modules/font-awesome": {
            "version": "4.7.0",
            "resolved": "https://registry.npmjs.org/font-awesome/-/font-awesome-4.7.0.tgz",
            "integrity": "sha512-U6kGnykA/6bFmg1M/oT9EkFeIYv7JlX3bozwQJWiiLz6L0w3F5vBVPxHlwyX/vtNq1ckcpRKOB9f2Qal/VtFpg==",
            "engines": {
                "node": ">=0.10.3"
            }
        },
        "node_modules/graceful-fs": {
            "version": "4.2.11",
            "resolved": "https://registry.npmjs.org/graceful-fs/-/graceful-fs-4.2.11.tgz",
            "integrity": "sha512-RbJ5/jmFcNNCcDV5o9eTnBLJ/HszWV0P73bc+Ff4nS/rJj+YaS6IGyiOL0VoBYX+l1Wrl3k63h/KrH+nhJ0XvQ==",
            "optional": true
        },
        "node_modules/iconv-lite": {
            "version": "0.6.3",
            "resolved": "https://registry.npmjs.org/iconv-lite/-/iconv-lite-0.6.3.tgz",
            "integrity": "sha512-4fCk79wshMdzMp2rH06qWrJE4iolqLhCUH+OiuIgU++RB0+94NlDL81atO7GX55uUKueo0txHNtvEyI6D7WdMw==",
            "optional": true,
            "dependencies": {
                "safer-buffer": ">= 2.1.2 < 3.0.0"
            },
            "engines": {
                "node": ">=0.10.0"
            }
        },
        "node_modules/image-size": {
            "version": "0.5.5",
            "resolved": "https://registry.npmjs.org/image-size/-/image-size-0.5.5.tgz",
            "integrity": "sha512-6TDAlDPZxUFCv+fuOkIoXT/V/f3Qbq8e37p+YOiYrUv3v9cc3/6x78VdfPgFVaB9dZYeLUfKgHRebpkm/oP2VQ==",
            "optional": true,
            "bin": {
                "image-size": "bin/image-size.js"
            },
            "engines": {
                "node": ">=0.10.0"
            }
        },
        "node_modules/is-what": {
            "version": "3.14.1",
            "resolved": "https://registry.npmjs.org/is-what/-/is-what-3.14.1.tgz",
            "integrity": "sha512-sNxgpk9793nzSs7bA6JQJGeIuRBQhAaNGG77kzYQgMkrID+lS6SlK07K5LaptscDlSaIgH+GPFzf+d75FVxozA=="
        },
        "node_modules/less": {
            "version": "4.4.0",
            "resolved": "https://registry.npmjs.org/less/-/less-4.4.0.tgz",
            "integrity": "sha512-kdTwsyRuncDfjEs0DlRILWNvxhDG/Zij4YLO4TMJgDLW+8OzpfkdPnRgrsRuY1o+oaxJGWsps5f/RVBgGmmN0w==",
            "dependencies": {
                "copy-anything": "^2.0.1",
                "parse-node-version": "^1.0.1",
                "tslib": "^2.3.0"
            },
            "bin": {
                "lessc": "bin/lessc"
            },
            "engines": {
                "node": ">=14"
            },
            "optionalDependencies": {
                "errno": "^0.1.1",
                "graceful-fs": "^4.1.2",
                "image-size": "~0.5.0",
                "make-dir": "^2.1.0",
                "mime": "^1.4.1",
                "needle": "^3.1.0",
                "source-map": "~0.6.0"
            }
        },
        "node_modules/linkify-it": {
            "version": "5.0.0",
            "resolved": "https://registry.npmjs.org/linkify-it/-/linkify-it-5.0.0.tgz",
            "integrity": "sha512-5aHCbzQRADcdP+ATqnDuhhJ/MRIqDkZX5pyjFHRRysS8vZ5AbqGEoFIb6pYHPZ+L/OC2Lc+xT8uHVVR5CAK/wQ==",
            "dependencies": {
                "uc.micro": "^2.0.0"
            }
        },
        "node_modules/lit": {
            "version": "3.3.1",
            "resolved": "https://registry.npmjs.org/lit/-/lit-3.3.1.tgz",
            "integrity": "sha512-Ksr/8L3PTapbdXJCk+EJVB78jDodUMaP54gD24W186zGRARvwrsPfS60wae/SSCTCNZVPd1chXqio1qHQmu4NA==",
            "dependencies": {
                "@lit/reactive-element": "^2.1.0",
                "lit-element": "^4.2.0",
                "lit-html": "^3.3.0"
            }
        },
        "node_modules/lit-element": {
            "version": "4.2.1",
            "resolved": "https://registry.npmjs.org/lit-element/-/lit-element-4.2.1.tgz",
            "integrity": "sha512-WGAWRGzirAgyphK2urmYOV72tlvnxw7YfyLDgQ+OZnM9vQQBQnumQ7jUJe6unEzwGU3ahFOjuz1iz1jjrpCPuw==",
            "dependencies": {
                "@lit-labs/ssr-dom-shim": "^1.4.0",
                "@lit/reactive-element": "^2.1.0",
                "lit-html": "^3.3.0"
            }
        },
        "node_modules/lit-html": {
            "version": "3.3.1",
            "resolved": "https://registry.npmjs.org/lit-html/-/lit-html-3.3.1.tgz",
            "integrity": "sha512-S9hbyDu/vs1qNrithiNyeyv64c9yqiW9l+DBgI18fL+MTvOtWoFR0FWiyq1TxaYef5wNlpEmzlXoBlZEO+WjoA==",
            "dependencies": {
                "@types/trusted-types": "^2.0.2"
            }
        },
        "node_modules/lunr": {
            "version": "2.3.9",
            "resolved": "https://registry.npmjs.org/lunr/-/lunr-2.3.9.tgz",
            "integrity": "sha512-zTU3DaZaF3Rt9rhN3uBMGQD3dD2/vFQqnvZCDv4dl5iOzq2IZQqTxu90r4E5J+nP70J3ilqVCrbho2eWaeW8Ow=="
        },
        "node_modules/make-dir": {
            "version": "2.1.0",
            "resolved": "https://registry.npmjs.org/make-dir/-/make-dir-2.1.0.tgz",
            "integrity": "sha512-LS9X+dc8KLxXCb8dni79fLIIUA5VyZoyjSMCwTluaXA0o27cCK0bhXkpgw+sTXVpPy/lSO57ilRixqk0vDmtRA==",
            "optional": true,
            "dependencies": {
                "pify": "^4.0.1",
                "semver": "^5.6.0"
            },
            "engines": {
                "node": ">=6"
            }
        },
        "node_modules/markdown-it": {
            "version": "14.1.0",
            "resolved": "https://registry.npmjs.org/markdown-it/-/markdown-it-14.1.0.tgz",
            "integrity": "sha512-a54IwgWPaeBCAAsv13YgmALOF1elABB08FxO9i+r4VFk5Vl4pKokRPeX8u5TCgSsPi6ec1otfLjdOpVcgbpshg==",
            "dependencies": {
                "argparse": "^2.0.1",
                "entities": "^4.4.0",
                "linkify-it": "^5.0.0",
                "mdurl": "^2.0.0",
                "punycode.js": "^2.3.1",
                "uc.micro": "^2.1.0"
            },
            "bin": {
                "markdown-it": "bin/markdown-it.mjs"
            }
        },
        "node_modules/mdurl": {
            "version": "2.0.0",
            "resolved": "https://registry.npmjs.org/mdurl/-/mdurl-2.0.0.tgz",
            "integrity": "sha512-Lf+9+2r+Tdp5wXDXC4PcIBjTDtq4UKjCPMQhKIuzpJNW0b96kVqSwW0bT7FhRSfmAiFYgP+SCRvdrDozfh0U5w=="
        },
        "node_modules/mime": {
            "version": "1.6.0",
            "resolved": "https://registry.npmjs.org/mime/-/mime-1.6.0.tgz",
            "integrity": "sha512-x0Vn8spI+wuJ1O6S7gnbaQg8Pxh4NNHb7KSINmEWKiPE4RKOplvijn+NkmYmmRgP68mc70j2EbeTFRsrswaQeg==",
            "optional": true,
            "bin": {
                "mime": "cli.js"
            },
            "engines": {
                "node": ">=4"
            }
        },
        "node_modules/minimatch": {
            "version": "9.0.5",
            "resolved": "https://registry.npmjs.org/minimatch/-/minimatch-9.0.5.tgz",
            "integrity": "sha512-G6T0ZX48xgozx7587koeX9Ys2NYy6Gmv//P89sEte9V9whIapMNF4idKxnW2QtCcLiTWlb/wfCabAtAFWhhBow==",
            "dependencies": {
                "brace-expansion": "^2.0.1"
            },
            "engines": {
                "node": ">=16 || 14 >=14.17"
            },
            "funding": {
                "url": "https://github.com/sponsors/isaacs"
            }
        },
        "node_modules/needle": {
            "version": "3.3.1",
            "resolved": "https://registry.npmjs.org/needle/-/needle-3.3.1.tgz",
            "integrity": "sha512-6k0YULvhpw+RoLNiQCRKOl09Rv1dPLr8hHnVjHqdolKwDrdNyk+Hmrthi4lIGPPz3r39dLx0hsF5s40sZ3Us4Q==",
            "optional": true,
            "dependencies": {
                "iconv-lite": "^0.6.3",
                "sax": "^1.2.4"
            },
            "bin": {
                "needle": "bin/needle"
            },
            "engines": {
                "node": ">= 4.4.x"
            }
        },
        "node_modules/parse-node-version": {
            "version": "1.0.1",
            "resolved": "https://registry.npmjs.org/parse-node-version/-/parse-node-version-1.0.1.tgz",
            "integrity": "sha512-3YHlOa/JgH6Mnpr05jP9eDG254US9ek25LyIxZlDItp2iJtwyaXQb57lBYLdT3MowkUFYEV2XXNAYIPlESvJlA==",
            "engines": {
                "node": ">= 0.10"
            }
        },
        "node_modules/pify": {
            "version": "4.0.1",
            "resolved": "https://registry.npmjs.org/pify/-/pify-4.0.1.tgz",
            "integrity": "sha512-uB80kBFb/tfd68bVleG9T5GGsGPjJrLAUpR5PZIrhBnIaRTQRjqdJSsIKkOP6OAIFbj7GOrcudc5pNjZ+geV2g==",
            "optional": true,
            "engines": {
                "node": ">=6"
            }
        },
        "node_modules/prr": {
            "version": "1.0.1",
            "resolved": "https://registry.npmjs.org/prr/-/prr-1.0.1.tgz",
            "integrity": "sha512-yPw4Sng1gWghHQWj0B3ZggWUm4qVbPwPFcRG8KyxiU7J2OHFSoEHKS+EZ3fv5l1t9CyCiop6l/ZYeWbrgoQejw==",
            "optional": true
        },
        "node_modules/punycode.js": {
            "version": "2.3.1",
            "resolved": "https://registry.npmjs.org/punycode.js/-/punycode.js-2.3.1.tgz",
            "integrity": "sha512-uxFIHU0YlHYhDQtV4R9J6a52SLx28BCjT+4ieh7IGbgwVJWO+km431c4yRlREUAsAmt/uMjQUyQHNEPf0M39CA==",
            "engines": {
                "node": ">=6"
            }
        },
        "node_modules/qr-creator": {
            "version": "1.0.0",
            "resolved": "https://registry.npmjs.org/qr-creator/-/qr-creator-1.0.0.tgz",
            "integrity": "sha512-C0cqfbS1P5hfqN4NhsYsUXePlk9BO+a45bAQ3xLYjBL3bOIFzoVEjs79Fado9u9BPBD3buHi3+vY+C8tHh4qMQ=="
        },
        "node_modules/safer-buffer": {
            "version": "2.1.2",
            "resolved": "https://registry.npmjs.org/safer-buffer/-/safer-buffer-2.1.2.tgz",
            "integrity": "sha512-YZo3K82SD7Riyi0E1EQPojLz7kpepnSQI9IyPbHHg1XXXevb5dJI7tpyN2ADxGcQbHG7vcyRHk0cbwqcQriUtg==",
            "optional": true
        },
        "node_modules/sax": {
            "version": "1.4.1",
            "resolved": "https://registry.npmjs.org/sax/-/sax-1.4.1.tgz",
            "integrity": "sha512-+aWOz7yVScEGoKNd4PA10LZ8sk0A/z5+nXQG5giUO5rprX9jgYsTdov9qCchZiPIZezbZH+jRut8nPodFAX4Jg==",
            "optional": true
        },
        "node_modules/semver": {
            "version": "5.7.2",
            "resolved": "https://registry.npmjs.org/semver/-/semver-5.7.2.tgz",
            "integrity": "sha512-cBznnQ9KjJqU67B52RMC65CMarK2600WFnbkcaiwWq3xy/5haFJlshgnpjovMVJ+Hff49d8GEn0b87C5pDQ10g==",
            "optional": true,
            "bin": {
                "semver": "bin/semver"
            }
        },
        "node_modules/source-map": {
            "version": "0.6.1",
            "resolved": "https://registry.npmjs.org/source-map/-/source-map-0.6.1.tgz",
            "integrity": "sha512-UjgapumWlbMhkBgzT7Ykc5YXUT46F0iKu8SGXq0bcwP5dz/h0Plj6enJqjz1Zbq2l5WaqYnrVbwWOWMyF3F47g==",
            "optional": true,
            "engines": {
                "node": ">=0.10.0"
            }
        },
        "node_modules/tslib": {
            "version": "2.8.1",
            "resolved": "https://registry.npmjs.org/tslib/-/tslib-2.8.1.tgz",
            "integrity": "sha512-oJFu94HQb+KVduSUQL7wnpmqnfmLsOA/nAh6b6EH0wCEoK0/mPeXU6c3wKDV83MkOuHPRHtSXKKU99IBazS/2w=="
        },
        "node_modules/typedoc": {
            "version": "0.27.9",
            "resolved": "https://registry.npmjs.org/typedoc/-/typedoc-0.27.9.tgz",
            "integrity": "sha512-/z585740YHURLl9DN2jCWe6OW7zKYm6VoQ93H0sxZ1cwHQEQrUn5BJrEnkWhfzUdyO+BLGjnKUZ9iz9hKloFDw==",
            "dependencies": {
                "@gerrit0/mini-shiki": "^1.24.0",
                "lunr": "^2.3.9",
                "markdown-it": "^14.1.0",
                "minimatch": "^9.0.5",
                "yaml": "^2.6.1"
            },
            "bin": {
                "typedoc": "bin/typedoc"
            },
            "engines": {
                "node": ">= 18"
            },
            "peerDependencies": {
                "typescript": "5.0.x || 5.1.x || 5.2.x || 5.3.x || 5.4.x || 5.5.x || 5.6.x || 5.7.x || 5.8.x"
            }
        },
        "node_modules/typescript": {
            "version": "5.8.3",
            "resolved": "https://registry.npmjs.org/typescript/-/typescript-5.8.3.tgz",
            "integrity": "sha512-p1diW6TqL9L07nNxvRMM7hMMw4c5XOo/1ibL4aAIGmSAt9slTE1Xgw5KWuof2uTOvCg9BY7ZRi+GaF+7sfgPeQ==",
            "bin": {
                "tsc": "bin/tsc",
                "tsserver": "bin/tsserver"
            },
            "engines": {
                "node": ">=14.17"
            }
        },
        "node_modules/uc.micro": {
            "version": "2.1.0",
            "resolved": "https://registry.npmjs.org/uc.micro/-/uc.micro-2.1.0.tgz",
            "integrity": "sha512-ARDJmphmdvUk6Glw7y9DQ2bFkKBHwQHLi2lsaH6PPmz/Ka9sFOBsBluozhDltWmnv9u/cF6Rt87znRTPV+yp/A=="
        },
        "node_modules/yaml": {
            "version": "2.8.0",
            "resolved": "https://registry.npmjs.org/yaml/-/yaml-2.8.0.tgz",
            "integrity": "sha512-4lLa/EcQCB0cJkyts+FpIRx5G/llPxfP6VQU5KByHEhLxY3IJCH0f0Hy1MHI8sClTvsIb8qwRJ6R/ZdlDJ/leQ==",
            "bin": {
                "yaml": "bin.mjs"
            },
            "engines": {
                "node": ">= 14.6"
            }
        }
    }
}
